
Microsoft Visual Studio Solution File, Format Version 12.00
# Visual Studio Version 16
VisualStudioVersion = 16.0.30804.86
MinimumVisualStudioVersion = 10.0.40219.1
Project("{9A19103F-16F7-4668-BE54-9A1E7A4F7556}") = "DataAccess", "DataAccess\DataAccess.csproj", "{21087DDA-5234-4876-90E3-C448D85E6B19}"
EndProject
Project("{9A19103F-16F7-4668-BE54-9A1E7A4F7556}") = "WPFUI", "WPFUI\WPFUI.csproj", "{FDF540CF-A160-4E4E-9D2E-447E858C29EC}"
EndProject
Global
	GlobalSection(SolutionConfigurationPlatforms) = preSolution
		Debug|Any CPU = Debug|Any CPU
		Release|Any CPU = Release|Any CPU
	EndGlobalSection
	GlobalSection(ProjectConfigurationPlatforms) = postSolution
		{21087DDA-5234-4876-90E3-C448D85E6B19}.Debug|Any CPU.ActiveCfg = Debug|Any CPU
		{21087DDA-5234-4876-90E3-C448D85E6B19}.Debug|Any CPU.Build.0 = Debug|Any CPU
		{21087DDA-5234-4876-90E3-C448D85E6B19}.Release|Any CPU.ActiveCfg = Release|Any CPU
		{21087DDA-5234-4876-90E3-C448D85E6B19}.Release|Any CPU.Build.0 = Release|Any CPU
		{FDF540CF-A160-4E4E-9D2E-447E858C29EC}.Debug|Any CPU.ActiveCfg = Debug|Any CPU
		{FDF540CF-A160-4E4E-9D2E-447E858C29EC}.Debug|Any CPU.Build.0 = Debug|Any CPU
		{FDF540CF-A160-4E4E-9D2E-447E858C29EC}.Release|Any CPU.ActiveCfg = Release|Any CPU
		{FDF540CF-A160-4E4E-9D2E-447E858C29EC}.Release|Any CPU.Build.0 = Release|Any CPU
	EndGlobalSection
	GlobalSection(SolutionProperties) = preSolution
		HideSolutionNode = FALSE
	EndGlobalSection
	GlobalSection(ExtensibilityGlobals) = postSolution
		SolutionGuid = {49D33FE4-03CA-437F-8DEF-09D463B51271}
	EndGlobalSection
EndGlobal
